# THIS IS AN AUTOGENERATED FILE. DO NOT EDIT THIS FILE DIRECTLY.
# yarn lockfile v1


react-card-flip@^1.1.1:
  version "1.1.1"
  resolved "https://registry.yarnpkg.com/react-card-flip/-/react-card-flip-1.1.1.tgz#4df665d706e58032c9059a99814f29e99dd964a7"
  integrity sha512-viH05bvFl3jfy75ibZhvubq6VV4Sla2GuN0hGFMuqLRIkM6qW21WswoFC7qhntY0+PMFqu0WSY5mBKneR0HL3Q==
